
Microsoft Visual Studio Solution File, Format Version 12.00
# Visual Studio Version 17
VisualStudioVersion = 17.7.34202.233
MinimumVisualStudioVersion = 10.0.40219.1
Project("{FAE04EC0-301F-11D3-BF4B-00C04F79EFBC}") = "DesafioAuvo.Web", "DesafioAuvo.Web.csproj", "{2689368F-D606-4138-A8B4-3A8F72FC8218}"
EndProject
Project("{FAE04EC0-301F-11D3-BF4B-00C04F79EFBC}") = "DesafioAuvo.Application", "..\DesafioAuvo.Application\DesafioAuvo.Application.csproj", "{8BD25244-B534-4591-B1AC-21D7EF6076E8}"
EndProject
Project("{FAE04EC0-301F-11D3-BF4B-00C04F79EFBC}") = "DesafioAuvo.Domain", "..\DesafioAuvo.Domain\DesafioAuvo.Domain.csproj", "{2CD964C8-0E80-464F-870A-12600013FCF9}"
EndProject
Global
	GlobalSection(SolutionConfigurationPlatforms) = preSolution
		Debug|Any CPU = Debug|Any CPU
		Release|Any CPU = Release|Any CPU
	EndGlobalSection
	GlobalSection(ProjectConfigurationPlatforms) = postSolution
		{2689368F-D606-4138-A8B4-3A8F72FC8218}.Debug|Any CPU.ActiveCfg = Debug|Any CPU
		{2689368F-D606-4138-A8B4-3A8F72FC8218}.Debug|Any CPU.Build.0 = Debug|Any CPU
		{2689368F-D606-4138-A8B4-3A8F72FC8218}.Release|Any CPU.ActiveCfg = Release|Any CPU
		{2689368F-D606-4138-A8B4-3A8F72FC8218}.Release|Any CPU.Build.0 = Release|Any CPU
		{8BD25244-B534-4591-B1AC-21D7EF6076E8}.Debug|Any CPU.ActiveCfg = Debug|Any CPU
		{8BD25244-B534-4591-B1AC-21D7EF6076E8}.Debug|Any CPU.Build.0 = Debug|Any CPU
		{8BD25244-B534-4591-B1AC-21D7EF6076E8}.Release|Any CPU.ActiveCfg = Release|Any CPU
		{8BD25244-B534-4591-B1AC-21D7EF6076E8}.Release|Any CPU.Build.0 = Release|Any CPU
		{2CD964C8-0E80-464F-870A-12600013FCF9}.Debug|Any CPU.ActiveCfg = Debug|Any CPU
		{2CD964C8-0E80-464F-870A-12600013FCF9}.Debug|Any CPU.Build.0 = Debug|Any CPU
		{2CD964C8-0E80-464F-870A-12600013FCF9}.Release|Any CPU.ActiveCfg = Release|Any CPU
		{2CD964C8-0E80-464F-870A-12600013FCF9}.Release|Any CPU.Build.0 = Release|Any CPU
	EndGlobalSection
	GlobalSection(SolutionProperties) = preSolution
		HideSolutionNode = FALSE
	EndGlobalSection
	GlobalSection(ExtensibilityGlobals) = postSolution
		SolutionGuid = {B9F3812D-49C6-4EF3-BFB4-282D86C12E6A}
	EndGlobalSection
EndGlobal
